{
    "_readme": [
        "This file locks the dependencies of your project to a known state",
        "Read more about it at https://getcomposer.org/doc/01-basic-usage.md#composer-lock-the-lock-file",
        "This file is @generated automatically"
    ],
    "hash": "f0e9b6b5497e7ebb4459134a66d49f49",
    "content-hash": "b3f2941f6428f00ab85e8542d278e810",
    "packages": [
        {
            "name": "eoghanobrien/php-simple-mail",
            "version": "dev-master",
            "source": {
                "type": "git",
                "url": "https://github.com/eoghanobrien/php-simple-mail.git",
                "reference": "546f2e66c0486391553201f9496fd21832390bf0"
            },
            "dist": {
                "type": "zip",
                "url": "https://api.github.com/repos/eoghanobrien/php-simple-mail/zipball/546f2e66c0486391553201f9496fd21832390bf0",
                "reference": "546f2e66c0486391553201f9496fd21832390bf0",
                "shasum": ""
            },
            "require": {
                "php": ">=5.2.0"
            },
            "type": "library",
            "autoload": {
                "classmap": [
                    "class.simple_mail.php"
                ]
            },
            "notification-url": "https://packagist.org/downloads/",
            "license": [
                "MIT"
            ],
            "authors": [
                {
                    "name": "Eoghan O'Brien",
                    "email": "eoghan@eoghanobrien.com",
                    "homepage": "http://www.eoghanobrien.com",
                    "role": "Developer"
                }
            ],
            "description": "Simple PHP 5 Email Class with Chainable Methods",
            "homepage": "https://github.com/eoghanobrien/php-simple-mail",
            "keywords": [
                "email",
                "php5"
            ],
            "time": "2016-10-07 17:33:01"
        },
        {
            "name": "follower/core",
            "version": "dev-master",
            "source": {
                "type": "git",
                "url": "https://github.com/follower90/framework-core.git",
                "reference": "3de919277d0188ebf791f2d91ded66f5eba97d64"
            },
            "dist": {
                "type": "zip",
                "url": "https://api.github.com/repos/follower90/framework-core/zipball/3de919277d0188ebf791f2d91ded66f5eba97d64",
                "reference": "3de919277d0188ebf791f2d91ded66f5eba97d64",
                "shasum": ""
            },
            "require": {
                "php": ">=5.3.0"
            },
            "type": "library",
            "autoload": {
                "psr-4": {
                    "Сore\\": "src/"
                }
            },
            "notification-url": "https://packagist.org/downloads/",
            "authors": [
                {
                    "name": "follower",
                    "email": "vitfollower@gmail.com"
                }
            ],
            "description": "Core of my framework",
            "time": "2016-11-01 14:41:55"
        },
        {
            "name": "nilportugues/serializer",
            "version": "1.2.0",
            "source": {
                "type": "git",
                "url": "https://github.com/nilportugues/php-serializer.git",
                "reference": "57464fa2b8983fe373ae9039c34f9c5178773f7e"
            },
            "dist": {
                "type": "zip",
                "url": "https://api.github.com/repos/nilportugues/php-serializer/zipball/57464fa2b8983fe373ae9039c34f9c5178773f7e",
                "reference": "57464fa2b8983fe373ae9039c34f9c5178773f7e",
                "shasum": ""
            },
            "require": {
                "php": ">=5.6.0",
                "symfony/yaml": "2.*|3.*"
            },
            "require-dev": {
                "doctrine/collections": "^1.3",
                "fabpot/php-cs-fixer": "^1.9",
                "nilportugues/php_backslasher": "~0.2",
                "phpunit/phpunit": "5.*"
            },
            "type": "library",
            "autoload": {
                "psr-4": {
                    "NilPortugues\\Serializer\\": "src/"
                }
            },
            "notification-url": "https://packagist.org/downloads/",
            "license": [
                "MIT"
            ],
            "authors": [
                {
                    "name": "Nil Portugués Calderó",
                    "email": "contact@nilportugues.com",
                    "role": "Project Lead Developer"
                },
                {
                    "name": "Zumba Fitness, LLC",
                    "email": "engineering@zumba.com",
                    "role": "Author of the original idea: https://github.com/zumba/json-serializer"
                },
                {
                    "name": "Juan Basso",
                    "email": "juan.basso@zumba.com",
                    "role": "Author of the original idea: https://github.com/zumba/json-serializer"
                }
            ],
            "description": "Serialize PHP variables, including objects, in any format. Support to unserialize it too.",
            "homepage": "http://nilportugues.com",
            "keywords": [
                "json",
                "serialize",
                "serializer"
            ],
            "time": "2017-02-10 19:39:47"
        },
        {
            "name": "phpmailer/phpmailer",
            "version": "v5.2.22",
            "source": {
                "type": "git",
                "url": "https://github.com/PHPMailer/PHPMailer.git",
                "reference": "b18cb98131bd83103ccb26a888fdfe3177b8a663"
            },
            "dist": {
                "type": "zip",
                "url": "https://api.github.com/repos/PHPMailer/PHPMailer/zipball/b18cb98131bd83103ccb26a888fdfe3177b8a663",
                "reference": "b18cb98131bd83103ccb26a888fdfe3177b8a663",
                "shasum": ""
            },
            "require": {
                "php": ">=5.0.0"
            },
            "require-dev": {
                "phpdocumentor/phpdocumentor": "*",
                "phpunit/phpunit": "4.7.*"
            },
            "suggest": {
                "league/oauth2-google": "Needed for Google XOAUTH2 authentication"
            },
            "type": "library",
            "autoload": {
                "classmap": [
                    "class.phpmailer.php",
                    "class.phpmaileroauth.php",
                    "class.phpmaileroauthgoogle.php",
                    "class.smtp.php",
                    "class.pop3.php",
                    "extras/EasyPeasyICS.php",
                    "extras/ntlm_sasl_client.php"
                ]
            },
            "notification-url": "https://packagist.org/downloads/",
            "license": [
                "LGPL-2.1"
            ],
            "authors": [
                {
                    "name": "Jim Jagielski",
                    "email": "jimjag@gmail.com"
                },
                {
                    "name": "Marcus Bointon",
                    "email": "phpmailer@synchromedia.co.uk"
                },
                {
                    "name": "Andy Prevost",
                    "email": "codeworxtech@users.sourceforge.net"
                },
                {
                    "name": "Brent R. Matzelle"
                }
            ],
            "description": "PHPMailer is a full-featured email creation and transfer class for PHP",
            "time": "2017-01-09 09:33:47"
        },
        {
            "name": "symfony/yaml",
            "version": "v3.2.6",
            "source": {
                "type": "git",
                "url": "https://github.com/symfony/yaml.git",
                "reference": "093e416ad096355149e265ea2e4cc1f9ee40ab1a"
            },
            "dist": {
                "type": "zip",
                "url": "https://api.github.com/repos/symfony/yaml/zipball/093e416ad096355149e265ea2e4cc1f9ee40ab1a",
                "reference": "093e416ad096355149e265ea2e4cc1f9ee40ab1a",
                "shasum": ""
            },
            "require": {
                "php": ">=5.5.9"
            },
            "require-dev": {
                "symfony/console": "~2.8|~3.0"
            },
            "suggest": {
                "symfony/console": "For validating YAML files using the lint command"
            },
            "type": "library",
            "extra": {
                "branch-alias": {
                    "dev-master": "3.2-dev"
                }
            },
            "autoload": {
                "psr-4": {
                    "Symfony\\Component\\Yaml\\": ""
                },
                "exclude-from-classmap": [
                    "/Tests/"
                ]
            },
            "notification-url": "https://packagist.org/downloads/",
            "license": [
                "MIT"
            ],
            "authors": [
                {
                    "name": "Fabien Potencier",
                    "email": "fabien@symfony.com"
                },
                {
                    "name": "Symfony Community",
                    "homepage": "https://symfony.com/contributors"
                }
            ],
            "description": "Symfony Yaml Component",
            "homepage": "https://symfony.com",
            "time": "2017-03-07 16:47:02"
        }
    ],
    "packages-dev": [],
    "aliases": [],
    "minimum-stability": "stable",
    "stability-flags": {
        "follower/core": 20,
        "eoghanobrien/php-simple-mail": 20
    },
    "prefer-stable": false,
    "prefer-lowest": false,
    "platform": [],
    "platform-dev": []
}
