{
    "_readme": [
        "This file locks the dependencies of your project to a known state",
        "Read more about it at https://getcomposer.org/doc/01-basic-usage.md#composer-lock-the-lock-file",
        "This file is @generated automatically"
    ],
    "hash": "516a44e0669961f2f209bcc18bb9f58b",
    "content-hash": "8c6d419c1edbc085e8a275dd4ab83e18",
    "packages": [
        {
            "name": "eoghanobrien/php-simple-mail",
            "version": "dev-master",
            "source": {
                "type": "git",
                "url": "https://github.com/eoghanobrien/php-simple-mail.git",
                "reference": "546f2e66c0486391553201f9496fd21832390bf0"
            },
            "dist": {
                "type": "zip",
                "url": "https://api.github.com/repos/eoghanobrien/php-simple-mail/zipball/546f2e66c0486391553201f9496fd21832390bf0",
                "reference": "546f2e66c0486391553201f9496fd21832390bf0",
                "shasum": ""
            },
            "require": {
                "php": ">=5.2.0"
            },
            "type": "library",
            "autoload": {
                "classmap": [
                    "class.simple_mail.php"
                ]
            },
            "notification-url": "https://packagist.org/downloads/",
            "license": [
                "MIT"
            ],
            "authors": [
                {
                    "name": "Eoghan O'Brien",
                    "email": "eoghan@eoghanobrien.com",
                    "homepage": "http://www.eoghanobrien.com",
                    "role": "Developer"
                }
            ],
            "description": "Simple PHP 5 Email Class with Chainable Methods",
            "homepage": "https://github.com/eoghanobrien/php-simple-mail",
            "keywords": [
                "email",
                "php5"
            ],
            "time": "2016-10-07 17:33:01"
        },
        {
            "name": "follower/core",
            "version": "dev-master",
            "source": {
                "type": "git",
                "url": "https://github.com/follower90/framework-core.git",
                "reference": "3de919277d0188ebf791f2d91ded66f5eba97d64"
            },
            "dist": {
                "type": "zip",
                "url": "https://api.github.com/repos/follower90/framework-core/zipball/3de919277d0188ebf791f2d91ded66f5eba97d64",
                "reference": "3de919277d0188ebf791f2d91ded66f5eba97d64",
                "shasum": ""
            },
            "require": {
                "php": ">=5.3.0"
            },
            "type": "library",
            "autoload": {
                "psr-4": {
                    "Сore\\": "src/"
                }
            },
            "notification-url": "https://packagist.org/downloads/",
            "authors": [
                {
                    "name": "follower",
                    "email": "vitfollower@gmail.com"
                }
            ],
            "description": "Core of my framework",
            "time": "2016-11-01 14:41:55"
        },
        {
            "name": "phpmailer/phpmailer",
            "version": "v5.2.22",
            "source": {
                "type": "git",
                "url": "https://github.com/PHPMailer/PHPMailer.git",
                "reference": "b18cb98131bd83103ccb26a888fdfe3177b8a663"
            },
            "dist": {
                "type": "zip",
                "url": "https://api.github.com/repos/PHPMailer/PHPMailer/zipball/b18cb98131bd83103ccb26a888fdfe3177b8a663",
                "reference": "b18cb98131bd83103ccb26a888fdfe3177b8a663",
                "shasum": ""
            },
            "require": {
                "php": ">=5.0.0"
            },
            "require-dev": {
                "phpdocumentor/phpdocumentor": "*",
                "phpunit/phpunit": "4.7.*"
            },
            "suggest": {
                "league/oauth2-google": "Needed for Google XOAUTH2 authentication"
            },
            "type": "library",
            "autoload": {
                "classmap": [
                    "class.phpmailer.php",
                    "class.phpmaileroauth.php",
                    "class.phpmaileroauthgoogle.php",
                    "class.smtp.php",
                    "class.pop3.php",
                    "extras/EasyPeasyICS.php",
                    "extras/ntlm_sasl_client.php"
                ]
            },
            "notification-url": "https://packagist.org/downloads/",
            "license": [
                "LGPL-2.1"
            ],
            "authors": [
                {
                    "name": "Jim Jagielski",
                    "email": "jimjag@gmail.com"
                },
                {
                    "name": "Marcus Bointon",
                    "email": "phpmailer@synchromedia.co.uk"
                },
                {
                    "name": "Andy Prevost",
                    "email": "codeworxtech@users.sourceforge.net"
                },
                {
                    "name": "Brent R. Matzelle"
                }
            ],
            "description": "PHPMailer is a full-featured email creation and transfer class for PHP",
            "time": "2017-01-09 09:33:47"
        }
    ],
    "packages-dev": [],
    "aliases": [],
    "minimum-stability": "stable",
    "stability-flags": {
        "follower/core": 20,
        "eoghanobrien/php-simple-mail": 20
    },
    "prefer-stable": false,
    "prefer-lowest": false,
    "platform": [],
    "platform-dev": []
}
